
Microsoft Visual Studio Solution File, Format Version 12.00
# Visual Studio 15
Project("{FAE04EC0-301F-11D3-BF4B-00C04F79EFBC}") = "Assembly-CSharp", "Assembly-CSharp.csproj", "{F35C16ED-67F9-8D1F-EE4B-BE5CB6B4C182}"
EndProject
Project("{FAE04EC0-301F-11D3-BF4B-00C04F79EFBC}") = "Unity.PlayerPrefsEditor.Editor", "Unity.PlayerPrefsEditor.Editor.csproj", "{2EC80926-2BD0-6321-E920-B44483B7D002}"
EndProject
Project("{FAE04EC0-301F-11D3-BF4B-00C04F79EFBC}") = "Assembly-CSharp-Editor", "Assembly-CSharp-Editor.csproj", "{6D57EB36-545E-3140-24FB-166356BF0C0A}"
EndProject
Project("{FAE04EC0-301F-11D3-BF4B-00C04F79EFBC}") = "Unity.PlayerPrefsEditor.Samples.SampleScene", "Unity.PlayerPrefsEditor.Samples.SampleScene.csproj", "{19AD2199-0D43-834E-FEE4-AF57A7344262}"
EndProject
Project("{FAE04EC0-301F-11D3-BF4B-00C04F79EFBC}") = "Unity.PlayerPrefsEditor.EditorResources", "Unity.PlayerPrefsEditor.EditorResources.csproj", "{53B1BFE8-905E-37FF-7629-37E5AB74269D}"
EndProject
Global
	GlobalSection(SolutionConfigurationPlatforms) = preSolution
		Debug|Any CPU = Debug|Any CPU
		Release|Any CPU = Release|Any CPU
	EndGlobalSection
	GlobalSection(ProjectConfigurationPlatforms) = postSolution
		{F35C16ED-67F9-8D1F-EE4B-BE5CB6B4C182}.Debug|Any CPU.ActiveCfg = Debug|Any CPU
		{F35C16ED-67F9-8D1F-EE4B-BE5CB6B4C182}.Debug|Any CPU.Build.0 = Debug|Any CPU
		{F35C16ED-67F9-8D1F-EE4B-BE5CB6B4C182}.Release|Any CPU.ActiveCfg = Release|Any CPU
		{F35C16ED-67F9-8D1F-EE4B-BE5CB6B4C182}.Release|Any CPU.Build.0 = Release|Any CPU
		{2EC80926-2BD0-6321-E920-B44483B7D002}.Debug|Any CPU.ActiveCfg = Debug|Any CPU
		{2EC80926-2BD0-6321-E920-B44483B7D002}.Debug|Any CPU.Build.0 = Debug|Any CPU
		{2EC80926-2BD0-6321-E920-B44483B7D002}.Release|Any CPU.ActiveCfg = Release|Any CPU
		{2EC80926-2BD0-6321-E920-B44483B7D002}.Release|Any CPU.Build.0 = Release|Any CPU
		{6D57EB36-545E-3140-24FB-166356BF0C0A}.Debug|Any CPU.ActiveCfg = Debug|Any CPU
		{6D57EB36-545E-3140-24FB-166356BF0C0A}.Debug|Any CPU.Build.0 = Debug|Any CPU
		{6D57EB36-545E-3140-24FB-166356BF0C0A}.Release|Any CPU.ActiveCfg = Release|Any CPU
		{6D57EB36-545E-3140-24FB-166356BF0C0A}.Release|Any CPU.Build.0 = Release|Any CPU
		{19AD2199-0D43-834E-FEE4-AF57A7344262}.Debug|Any CPU.ActiveCfg = Debug|Any CPU
		{19AD2199-0D43-834E-FEE4-AF57A7344262}.Debug|Any CPU.Build.0 = Debug|Any CPU
		{19AD2199-0D43-834E-FEE4-AF57A7344262}.Release|Any CPU.ActiveCfg = Release|Any CPU
		{19AD2199-0D43-834E-FEE4-AF57A7344262}.Release|Any CPU.Build.0 = Release|Any CPU
		{53B1BFE8-905E-37FF-7629-37E5AB74269D}.Debug|Any CPU.ActiveCfg = Debug|Any CPU
		{53B1BFE8-905E-37FF-7629-37E5AB74269D}.Debug|Any CPU.Build.0 = Debug|Any CPU
		{53B1BFE8-905E-37FF-7629-37E5AB74269D}.Release|Any CPU.ActiveCfg = Release|Any CPU
		{53B1BFE8-905E-37FF-7629-37E5AB74269D}.Release|Any CPU.Build.0 = Release|Any CPU
	EndGlobalSection
	GlobalSection(SolutionProperties) = preSolution
		HideSolutionNode = FALSE
	EndGlobalSection
EndGlobal
